// !$*UTF8*$!
{
	archiveVersion = 1;
	classes = {
	};
	objectVersion = 50;
	objects = {

/* Begin PBXBuildFile section */
		6BF4B616328EBB2B09D7DA5E /* Pods_SocialBoard.framework in Frameworks */ = {isa = PBXBuildFile; fileRef = 657CF35E0B8A8B5E3F4849E7 /* Pods_SocialBoard.framework */; };
		A2E48C12527923085A26F6C4 /* Pods_SocialBoardUITests.framework in Frameworks */ = {isa = PBXBuildFile; fileRef = 6A579941B9936A8C2A5990D9 /* Pods_SocialBoardUITests.framework */; };
		F815043022366C5800C2F6DB /* SocialBoardTests.swift in Sources */ = {isa = PBXBuildFile; fileRef = F815042F22366C5800C2F6DB /* SocialBoardTests.swift */; };
		F815043B22366C5800C2F6DB /* SocialBoardUITests.swift in Sources */ = {isa = PBXBuildFile; fileRef = F815043A22366C5800C2F6DB /* SocialBoardUITests.swift */; };
		F815044A2236A44A00C2F6DB /* README.md in Resources */ = {isa = PBXBuildFile; fileRef = F81504492236A44800C2F6DB /* README.md */; };
		F86797AF223C0BB80064F145 /* SpamDetector.swift in Sources */ = {isa = PBXBuildFile; fileRef = F86797AE223C0BB80064F145 /* SpamDetector.swift */; };
		F86797B7223C11DF0064F145 /* PostsRepo.swift in Sources */ = {isa = PBXBuildFile; fileRef = F86797B6223C11DF0064F145 /* PostsRepo.swift */; };
		F86797BB223C12530064F145 /* PostListViewModel.swift in Sources */ = {isa = PBXBuildFile; fileRef = F86797BA223C12530064F145 /* PostListViewModel.swift */; };
		F86797BE223C13E20064F145 /* BaseModel.swift in Sources */ = {isa = PBXBuildFile; fileRef = F86797BD223C13E20064F145 /* BaseModel.swift */; };
		F86797C0223C13EC0064F145 /* BaseViewModel.swift in Sources */ = {isa = PBXBuildFile; fileRef = F86797BF223C13EC0064F145 /* BaseViewModel.swift */; };
		F86797C2223C13FA0064F145 /* BaseView.swift in Sources */ = {isa = PBXBuildFile; fileRef = F86797C1223C13FA0064F145 /* BaseView.swift */; };
		F86797C9223C23F70064F145 /* SBPost.swift in Sources */ = {isa = PBXBuildFile; fileRef = F86797C8223C23F70064F145 /* SBPost.swift */; };
		F86797CD223C242A0064F145 /* SBUser.swift in Sources */ = {isa = PBXBuildFile; fileRef = F86797CC223C242A0064F145 /* SBUser.swift */; };
		F86797CF223C24900064F145 /* SBAlbum.swift in Sources */ = {isa = PBXBuildFile; fileRef = F86797CE223C24900064F145 /* SBAlbum.swift */; };
		F86797D1223CCF9F0064F145 /* SBPhoto.swift in Sources */ = {isa = PBXBuildFile; fileRef = F86797D0223CCF9F0064F145 /* SBPhoto.swift */; };
		F86797D3223CCFB70064F145 /* SBComment.swift in Sources */ = {isa = PBXBuildFile; fileRef = F86797D2223CCFB70064F145 /* SBComment.swift */; };
		F86797D8223CDF900064F145 /* Array+.swift in Sources */ = {isa = PBXBuildFile; fileRef = F86797D7223CDF900064F145 /* Array+.swift */; };
		F86797DB223CE37C0064F145 /* ModelsSpec.swift in Sources */ = {isa = PBXBuildFile; fileRef = F86797DA223CE37C0064F145 /* ModelsSpec.swift */; };
		F86797DF223D106D0064F145 /* Collection+.swift in Sources */ = {isa = PBXBuildFile; fileRef = F86797DE223D106D0064F145 /* Collection+.swift */; };
		F86797E3223D2B480064F145 /* CollectionViewController.swift in Sources */ = {isa = PBXBuildFile; fileRef = F86797E2223D2B480064F145 /* CollectionViewController.swift */; };
		F86797E5223D47960064F145 /* PostListItemViewModel.swift in Sources */ = {isa = PBXBuildFile; fileRef = F86797E4223D47960064F145 /* PostListItemViewModel.swift */; };
		F86797E7223D4B5E0064F145 /* PostSectionController.swift in Sources */ = {isa = PBXBuildFile; fileRef = F86797E6223D4B5E0064F145 /* PostSectionController.swift */; };
		F86797EA223D64DF0064F145 /* LabelCell.swift in Sources */ = {isa = PBXBuildFile; fileRef = F86797E9223D64DF0064F145 /* LabelCell.swift */; };
		F86797EC223D64E60064F145 /* ImageCell.swift in Sources */ = {isa = PBXBuildFile; fileRef = F86797EB223D64E60064F145 /* ImageCell.swift */; };
		F86797F0223D65050064F145 /* CommentCell.m in Sources */ = {isa = PBXBuildFile; fileRef = F86797EE223D65040064F145 /* CommentCell.m */; };
		F86797F3223D65160064F145 /* InteractiveCell.m in Sources */ = {isa = PBXBuildFile; fileRef = F86797F1223D65150064F145 /* InteractiveCell.m */; };
		F86797F8223D65240064F145 /* SpinnerCell.swift in Sources */ = {isa = PBXBuildFile; fileRef = F86797F7223D65240064F145 /* SpinnerCell.swift */; };
		F86797FA223D65310064F145 /* RemoveCell.swift in Sources */ = {isa = PBXBuildFile; fileRef = F86797F9223D65310064F145 /* RemoveCell.swift */; };
		F86797FC223D65A70064F145 /* DetailLabelCell.swift in Sources */ = {isa = PBXBuildFile; fileRef = F86797FB223D65A70064F145 /* DetailLabelCell.swift */; };
		F86797FF223D66DB0064F145 /* LabelViewModel.swift in Sources */ = {isa = PBXBuildFile; fileRef = F86797FE223D66DB0064F145 /* LabelViewModel.swift */; };
		F8679803223D6C980064F145 /* DetailViewModel.swift in Sources */ = {isa = PBXBuildFile; fileRef = F8679802223D6C980064F145 /* DetailViewModel.swift */; };
		F8679805223D75E20064F145 /* FullWidthSelfSizingCell.swift in Sources */ = {isa = PBXBuildFile; fileRef = F8679804223D75E20064F145 /* FullWidthSelfSizingCell.swift */; };
		F8679807223D81930064F145 /* FullWidthSelfSizingViewModel.swift in Sources */ = {isa = PBXBuildFile; fileRef = F8679806223D81930064F145 /* FullWidthSelfSizingViewModel.swift */; };
		F8679809223D81BC0064F145 /* CommentViewModel.swift in Sources */ = {isa = PBXBuildFile; fileRef = F8679808223D81BC0064F145 /* CommentViewModel.swift */; };
		F8679811223DB51F0064F145 /* ImageCell+SectionController.swift in Sources */ = {isa = PBXBuildFile; fileRef = F8679810223DB51F0064F145 /* ImageCell+SectionController.swift */; };
		F8679814223E31C60064F145 /* no-image-placeholder-big.jpg in Resources */ = {isa = PBXBuildFile; fileRef = F8679813223E31C60064F145 /* no-image-placeholder-big.jpg */; };
		F8679816223E4ECE0064F145 /* SpinnerCell+SectionController.swift.swift in Sources */ = {isa = PBXBuildFile; fileRef = F8679815223E4ECE0064F145 /* SpinnerCell+SectionController.swift.swift */; };
		F867981B223E6E3C0064F145 /* animation-w800-h800.json in Resources */ = {isa = PBXBuildFile; fileRef = F867981A223E6E3C0064F145 /* animation-w800-h800.json */; };
		F867981D223E6EDC0064F145 /* 4248-loading.json in Resources */ = {isa = PBXBuildFile; fileRef = F867981C223E6EDC0064F145 /* 4248-loading.json */; };
		F867981F223E6F5F0064F145 /* 4020-loading-state.json in Resources */ = {isa = PBXBuildFile; fileRef = F867981E223E6F5F0064F145 /* 4020-loading-state.json */; };
		F8679821223E71DA0064F145 /* ActionCell.swift in Sources */ = {isa = PBXBuildFile; fileRef = F8679820223E71DA0064F145 /* ActionCell.swift */; };
		F8679823223E7B700064F145 /* ActionCellViewModel.swift in Sources */ = {isa = PBXBuildFile; fileRef = F8679822223E7B700064F145 /* ActionCellViewModel.swift */; };
		F8679825223E9AB40064F145 /* CommentsRepo.swift in Sources */ = {isa = PBXBuildFile; fileRef = F8679824223E9AB40064F145 /* CommentsRepo.swift */; };
		F8679827223EA2DF0064F145 /* 4385-first-shot.json in Resources */ = {isa = PBXBuildFile; fileRef = F8679826223EA2DE0064F145 /* 4385-first-shot.json */; };
		F889002C2236AE8D0004FCDD /* AppDelegate.swift in Sources */ = {isa = PBXBuildFile; fileRef = F889002B2236AE8D0004FCDD /* AppDelegate.swift */; };
		F889003C2236AE960004FCDD /* Router.swift in Sources */ = {isa = PBXBuildFile; fileRef = F88900302236AE950004FCDD /* Router.swift */; };
		F889003D2236AE960004FCDD /* Assets.xcassets in Resources */ = {isa = PBXBuildFile; fileRef = F88900322236AE950004FCDD /* Assets.xcassets */; };
		F889003E2236AE960004FCDD /* LaunchScreen.storyboard in Resources */ = {isa = PBXBuildFile; fileRef = F88900332236AE950004FCDD /* LaunchScreen.storyboard */; };
		F889003F2236AE960004FCDD /* Main.storyboard in Resources */ = {isa = PBXBuildFile; fileRef = F88900352236AE950004FCDD /* Main.storyboard */; };
		F88900402236AE960004FCDD /* HomeViewController.swift in Sources */ = {isa = PBXBuildFile; fileRef = F88900392236AE960004FCDD /* HomeViewController.swift */; };
		F88900422236AEFE0004FCDD /* Launcher.swift in Sources */ = {isa = PBXBuildFile; fileRef = F88900412236AEFE0004FCDD /* Launcher.swift */; };
		F889004422381B360004FCDD /* HomeRouter.swift in Sources */ = {isa = PBXBuildFile; fileRef = F889004322381B360004FCDD /* HomeRouter.swift */; };
		F88900462238C8C00004FCDD /* SBService.swift in Sources */ = {isa = PBXBuildFile; fileRef = F88900452238C8C00004FCDD /* SBService.swift */; };
		F88900482238CCF10004FCDD /* AppConfig.swift in Sources */ = {isa = PBXBuildFile; fileRef = F88900472238CCF10004FCDD /* AppConfig.swift */; };
		F889004A2238CE450004FCDD /* Global.swift in Sources */ = {isa = PBXBuildFile; fileRef = F88900492238CE450004FCDD /* Global.swift */; };
		F889005522390CA80004FCDD /* MessageClassifier.mlmodel in Sources */ = {isa = PBXBuildFile; fileRef = F889005422390CA70004FCDD /* MessageClassifier.mlmodel */; };
		F889005722390CD80004FCDD /* SpamDetector.swift in Sources */ = {isa = PBXBuildFile; fileRef = F889005622390CD80004FCDD /* SpamDetector.swift */; };
		F889005A22390D170004FCDD /* words_ordered.txt in Resources */ = {isa = PBXBuildFile; fileRef = F889005822390D170004FCDD /* words_ordered.txt */; };
		F889005B22390D170004FCDD /* SMSSpamCollection.txt in Resources */ = {isa = PBXBuildFile; fileRef = F889005922390D170004FCDD /* SMSSpamCollection.txt */; };
		F889005D223972230004FCDD /* SBServiceSpec.swift in Sources */ = {isa = PBXBuildFile; fileRef = F889005C223972230004FCDD /* SBServiceSpec.swift */; };
		FDA342E10BF6BDB8167D60AA /* Pods_SocialBoardTests.framework in Frameworks */ = {isa = PBXBuildFile; fileRef = A1473547D511BB026AF24444 /* Pods_SocialBoardTests.framework */; };
/* End PBXBuildFile section */

/* Begin PBXContainerItemProxy section */
		F815042C22366C5800C2F6DB /* PBXContainerItemProxy */ = {
			isa = PBXContainerItemProxy;
			containerPortal = F815040F22366C5500C2F6DB /* Project object */;
			proxyType = 1;
			remoteGlobalIDString = F815041622366C5500C2F6DB;
			remoteInfo = SocialBoard;
		};
		F815043722366C5800C2F6DB /* PBXContainerItemProxy */ = {
			isa = PBXContainerItemProxy;
			containerPortal = F815040F22366C5500C2F6DB /* Project object */;
			proxyType = 1;
			remoteGlobalIDString = F815041622366C5500C2F6DB;
			remoteInfo = SocialBoard;
		};
/* End PBXContainerItemProxy section */

/* Begin PBXFileReference section */
		59C72F8FAD5791548F6C02FF /* Pods-SocialBoardTests.debug.xcconfig */ = {isa = PBXFileReference; includeInIndex = 1; lastKnownFileType = text.xcconfig; name = "Pods-SocialBoardTests.debug.xcconfig"; path = "Pods/Target Support Files/Pods-SocialBoardTests/Pods-SocialBoardTests.debug.xcconfig"; sourceTree = "<group>"; };
		63BFFD4B87E40B94322E914C /* Pods-SocialBoardTests.release.xcconfig */ = {isa = PBXFileReference; includeInIndex = 1; lastKnownFileType = text.xcconfig; name = "Pods-SocialBoardTests.release.xcconfig"; path = "Pods/Target Support Files/Pods-SocialBoardTests/Pods-SocialBoardTests.release.xcconfig"; sourceTree = "<group>"; };
		657CF35E0B8A8B5E3F4849E7 /* Pods_SocialBoard.framework */ = {isa = PBXFileReference; explicitFileType = wrapper.framework; includeInIndex = 0; path = Pods_SocialBoard.framework; sourceTree = BUILT_PRODUCTS_DIR; };
		6A579941B9936A8C2A5990D9 /* Pods_SocialBoardUITests.framework */ = {isa = PBXFileReference; explicitFileType = wrapper.framework; includeInIndex = 0; path = Pods_SocialBoardUITests.framework; sourceTree = BUILT_PRODUCTS_DIR; };
		72E6608C6E7AF7620815A387 /* Pods-SocialBoard.debug.xcconfig */ = {isa = PBXFileReference; includeInIndex = 1; lastKnownFileType = text.xcconfig; name = "Pods-SocialBoard.debug.xcconfig"; path = "Pods/Target Support Files/Pods-SocialBoard/Pods-SocialBoard.debug.xcconfig"; sourceTree = "<group>"; };
		A1473547D511BB026AF24444 /* Pods_SocialBoardTests.framework */ = {isa = PBXFileReference; explicitFileType = wrapper.framework; includeInIndex = 0; path = Pods_SocialBoardTests.framework; sourceTree = BUILT_PRODUCTS_DIR; };
		A9B1AAFA484AF79892644ED7 /* Pods-SocialBoard.release.xcconfig */ = {isa = PBXFileReference; includeInIndex = 1; lastKnownFileType = text.xcconfig; name = "Pods-SocialBoard.release.xcconfig"; path = "Pods/Target Support Files/Pods-SocialBoard/Pods-SocialBoard.release.xcconfig"; sourceTree = "<group>"; };
		D1ABE09EEF85D88190860C60 /* Pods-SocialBoardUITests.debug.xcconfig */ = {isa = PBXFileReference; includeInIndex = 1; lastKnownFileType = text.xcconfig; name = "Pods-SocialBoardUITests.debug.xcconfig"; path = "Pods/Target Support Files/Pods-SocialBoardUITests/Pods-SocialBoardUITests.debug.xcconfig"; sourceTree = "<group>"; };
		EC98CAC98598B64A07B09C50 /* Pods-SocialBoardUITests.release.xcconfig */ = {isa = PBXFileReference; includeInIndex = 1; lastKnownFileType = text.xcconfig; name = "Pods-SocialBoardUITests.release.xcconfig"; path = "Pods/Target Support Files/Pods-SocialBoardUITests/Pods-SocialBoardUITests.release.xcconfig"; sourceTree = "<group>"; };
		F815041722366C5500C2F6DB /* SocialBoard.app */ = {isa = PBXFileReference; explicitFileType = wrapper.application; includeInIndex = 0; path = SocialBoard.app; sourceTree = BUILT_PRODUCTS_DIR; };
		F815042622366C5800C2F6DB /* Info.plist */ = {isa = PBXFileReference; lastKnownFileType = text.plist.xml; path = Info.plist; sourceTree = "<group>"; };
		F815042B22366C5800C2F6DB /* SocialBoardTests.xctest */ = {isa = PBXFileReference; explicitFileType = wrapper.cfbundle; includeInIndex = 0; path = SocialBoardTests.xctest; sourceTree = BUILT_PRODUCTS_DIR; };
		F815042F22366C5800C2F6DB /* SocialBoardTests.swift */ = {isa = PBXFileReference; lastKnownFileType = sourcecode.swift; path = SocialBoardTests.swift; sourceTree = "<group>"; };
		F815043122366C5800C2F6DB /* Info.plist */ = {isa = PBXFileReference; lastKnownFileType = text.plist.xml; path = Info.plist; sourceTree = "<group>"; };
		F815043622366C5800C2F6DB /* SocialBoardUITests.xctest */ = {isa = PBXFileReference; explicitFileType = wrapper.cfbundle; includeInIndex = 0; path = SocialBoardUITests.xctest; sourceTree = BUILT_PRODUCTS_DIR; };
		F815043A22366C5800C2F6DB /* SocialBoardUITests.swift */ = {isa = PBXFileReference; lastKnownFileType = sourcecode.swift; path = SocialBoardUITests.swift; sourceTree = "<group>"; };
		F815043C22366C5800C2F6DB /* Info.plist */ = {isa = PBXFileReference; lastKnownFileType = text.plist.xml; path = Info.plist; sourceTree = "<group>"; };
		F81504492236A44800C2F6DB /* README.md */ = {isa = PBXFileReference; fileEncoding = 4; lastKnownFileType = net.daringfireball.markdown; path = README.md; sourceTree = "<group>"; };
		F86797AE223C0BB80064F145 /* SpamDetector.swift */ = {isa = PBXFileReference; lastKnownFileType = sourcecode.swift; path = SpamDetector.swift; sourceTree = "<group>"; };
		F86797B6223C11DF0064F145 /* PostsRepo.swift */ = {isa = PBXFileReference; lastKnownFileType = sourcecode.swift; path = PostsRepo.swift; sourceTree = "<group>"; };
		F86797BA223C12530064F145 /* PostListViewModel.swift */ = {isa = PBXFileReference; lastKnownFileType = sourcecode.swift; path = PostListViewModel.swift; sourceTree = "<group>"; };
		F86797BD223C13E20064F145 /* BaseModel.swift */ = {isa = PBXFileReference; lastKnownFileType = sourcecode.swift; path = BaseModel.swift; sourceTree = "<group>"; };
		F86797BF223C13EC0064F145 /* BaseViewModel.swift */ = {isa = PBXFileReference; lastKnownFileType = sourcecode.swift; path = BaseViewModel.swift; sourceTree = "<group>"; };
		F86797C1223C13FA0064F145 /* BaseView.swift */ = {isa = PBXFileReference; lastKnownFileType = sourcecode.swift; path = BaseView.swift; sourceTree = "<group>"; };
		F86797C8223C23F70064F145 /* SBPost.swift */ = {isa = PBXFileReference; lastKnownFileType = sourcecode.swift; path = SBPost.swift; sourceTree = "<group>"; };
		F86797CC223C242A0064F145 /* SBUser.swift */ = {isa = PBXFileReference; lastKnownFileType = sourcecode.swift; path = SBUser.swift; sourceTree = "<group>"; };
		F86797CE223C24900064F145 /* SBAlbum.swift */ = {isa = PBXFileReference; lastKnownFileType = sourcecode.swift; path = SBAlbum.swift; sourceTree = "<group>"; };
		F86797D0223CCF9F0064F145 /* SBPhoto.swift */ = {isa = PBXFileReference; lastKnownFileType = sourcecode.swift; path = SBPhoto.swift; sourceTree = "<group>"; };
		F86797D2223CCFB70064F145 /* SBComment.swift */ = {isa = PBXFileReference; lastKnownFileType = sourcecode.swift; path = SBComment.swift; sourceTree = "<group>"; };
		F86797D7223CDF900064F145 /* Array+.swift */ = {isa = PBXFileReference; lastKnownFileType = sourcecode.swift; path = "Array+.swift"; sourceTree = "<group>"; };
		F86797DA223CE37C0064F145 /* ModelsSpec.swift */ = {isa = PBXFileReference; lastKnownFileType = sourcecode.swift; path = ModelsSpec.swift; sourceTree = "<group>"; };
		F86797DE223D106D0064F145 /* Collection+.swift */ = {isa = PBXFileReference; lastKnownFileType = sourcecode.swift; path = "Collection+.swift"; sourceTree = "<group>"; };
		F86797E2223D2B480064F145 /* CollectionViewController.swift */ = {isa = PBXFileReference; lastKnownFileType = sourcecode.swift; path = CollectionViewController.swift; sourceTree = "<group>"; };
		F86797E4223D47960064F145 /* PostListItemViewModel.swift */ = {isa = PBXFileReference; lastKnownFileType = sourcecode.swift; path = PostListItemViewModel.swift; sourceTree = "<group>"; };
		F86797E6223D4B5E0064F145 /* PostSectionController.swift */ = {isa = PBXFileReference; lastKnownFileType = sourcecode.swift; path = PostSectionController.swift; sourceTree = "<group>"; };
		F86797E9223D64DF0064F145 /* LabelCell.swift */ = {isa = PBXFileReference; fileEncoding = 4; lastKnownFileType = sourcecode.swift; path = LabelCell.swift; sourceTree = "<group>"; };
		F86797EB223D64E60064F145 /* ImageCell.swift */ = {isa = PBXFileReference; fileEncoding = 4; lastKnownFileType = sourcecode.swift; path = ImageCell.swift; sourceTree = "<group>"; };
		F86797ED223D65020064F145 /* SocialBoard-Bridging-Header.h */ = {isa = PBXFileReference; lastKnownFileType = sourcecode.c.h; path = "SocialBoard-Bridging-Header.h"; sourceTree = "<group>"; };
		F86797EE223D65040064F145 /* CommentCell.m */ = {isa = PBXFileReference; fileEncoding = 4; lastKnownFileType = sourcecode.c.objc; path = CommentCell.m; sourceTree = "<group>"; };
		F86797EF223D65050064F145 /* CommentCell.h */ = {isa = PBXFileReference; fileEncoding = 4; lastKnownFileType = sourcecode.c.h; path = CommentCell.h; sourceTree = "<group>"; };
		F86797F1223D65150064F145 /* InteractiveCell.m */ = {isa = PBXFileReference; fileEncoding = 4; lastKnownFileType = sourcecode.c.objc; path = InteractiveCell.m; sourceTree = "<group>"; };
		F86797F2223D65150064F145 /* InteractiveCell.h */ = {isa = PBXFileReference; fileEncoding = 4; lastKnownFileType = sourcecode.c.h; path = InteractiveCell.h; sourceTree = "<group>"; };
		F86797F7223D65240064F145 /* SpinnerCell.swift */ = {isa = PBXFileReference; fileEncoding = 4; lastKnownFileType = sourcecode.swift; path = SpinnerCell.swift; sourceTree = "<group>"; };
		F86797F9223D65310064F145 /* RemoveCell.swift */ = {isa = PBXFileReference; fileEncoding = 4; lastKnownFileType = sourcecode.swift; path = RemoveCell.swift; sourceTree = "<group>"; };
		F86797FB223D65A70064F145 /* DetailLabelCell.swift */ = {isa = PBXFileReference; fileEncoding = 4; lastKnownFileType = sourcecode.swift; path = DetailLabelCell.swift; sourceTree = "<group>"; };
		F86797FE223D66DB0064F145 /* LabelViewModel.swift */ = {isa = PBXFileReference; lastKnownFileType = sourcecode.swift; path = LabelViewModel.swift; sourceTree = "<group>"; };
		F8679802223D6C980064F145 /* DetailViewModel.swift */ = {isa = PBXFileReference; lastKnownFileType = sourcecode.swift; path = DetailViewModel.swift; sourceTree = "<group>"; };
		F8679804223D75E20064F145 /* FullWidthSelfSizingCell.swift */ = {isa = PBXFileReference; fileEncoding = 4; lastKnownFileType = sourcecode.swift; path = FullWidthSelfSizingCell.swift; sourceTree = "<group>"; };
		F8679806223D81930064F145 /* FullWidthSelfSizingViewModel.swift */ = {isa = PBXFileReference; lastKnownFileType = sourcecode.swift; path = FullWidthSelfSizingViewModel.swift; sourceTree = "<group>"; };
		F8679808223D81BC0064F145 /* CommentViewModel.swift */ = {isa = PBXFileReference; lastKnownFileType = sourcecode.swift; path = CommentViewModel.swift; sourceTree = "<group>"; };
		F8679810223DB51F0064F145 /* ImageCell+SectionController.swift */ = {isa = PBXFileReference; lastKnownFileType = sourcecode.swift; path = "ImageCell+SectionController.swift"; sourceTree = "<group>"; };
		F8679813223E31C60064F145 /* no-image-placeholder-big.jpg */ = {isa = PBXFileReference; lastKnownFileType = image.jpeg; path = "no-image-placeholder-big.jpg"; sourceTree = "<group>"; };
		F8679815223E4ECE0064F145 /* SpinnerCell+SectionController.swift.swift */ = {isa = PBXFileReference; lastKnownFileType = sourcecode.swift; path = "SpinnerCell+SectionController.swift.swift"; sourceTree = "<group>"; };
		F867981A223E6E3C0064F145 /* animation-w800-h800.json */ = {isa = PBXFileReference; fileEncoding = 4; lastKnownFileType = text.json; path = "animation-w800-h800.json"; sourceTree = "<group>"; };
		F867981C223E6EDC0064F145 /* 4248-loading.json */ = {isa = PBXFileReference; fileEncoding = 4; lastKnownFileType = text.json; path = "4248-loading.json"; sourceTree = "<group>"; };
		F867981E223E6F5F0064F145 /* 4020-loading-state.json */ = {isa = PBXFileReference; fileEncoding = 4; lastKnownFileType = text.json; path = "4020-loading-state.json"; sourceTree = "<group>"; };
		F8679820223E71DA0064F145 /* ActionCell.swift */ = {isa = PBXFileReference; lastKnownFileType = sourcecode.swift; path = ActionCell.swift; sourceTree = "<group>"; };
		F8679822223E7B700064F145 /* ActionCellViewModel.swift */ = {isa = PBXFileReference; lastKnownFileType = sourcecode.swift; path = ActionCellViewModel.swift; sourceTree = "<group>"; };
		F8679824223E9AB40064F145 /* CommentsRepo.swift */ = {isa = PBXFileReference; lastKnownFileType = sourcecode.swift; path = CommentsRepo.swift; sourceTree = "<group>"; };
		F8679826223EA2DE0064F145 /* 4385-first-shot.json */ = {isa = PBXFileReference; fileEncoding = 4; lastKnownFileType = text.json; path = "4385-first-shot.json"; sourceTree = "<group>"; };
		F889002B2236AE8D0004FCDD /* AppDelegate.swift */ = {isa = PBXFileReference; fileEncoding = 4; lastKnownFileType = sourcecode.swift; path = AppDelegate.swift; sourceTree = "<group>"; };
		F88900302236AE950004FCDD /* Router.swift */ = {isa = PBXFileReference; fileEncoding = 4; lastKnownFileType = sourcecode.swift; path = Router.swift; sourceTree = "<group>"; };
		F88900322236AE950004FCDD /* Assets.xcassets */ = {isa = PBXFileReference; lastKnownFileType = folder.assetcatalog; path = Assets.xcassets; sourceTree = "<group>"; };
		F88900342236AE950004FCDD /* Base */ = {isa = PBXFileReference; lastKnownFileType = file.storyboard; name = Base; path = Base.lproj/LaunchScreen.storyboard; sourceTree = "<group>"; };
		F88900362236AE950004FCDD /* Base */ = {isa = PBXFileReference; lastKnownFileType = file.storyboard; name = Base; path = Base.lproj/Main.storyboard; sourceTree = "<group>"; };
		F88900392236AE960004FCDD /* HomeViewController.swift */ = {isa = PBXFileReference; fileEncoding = 4; lastKnownFileType = sourcecode.swift; path = HomeViewController.swift; sourceTree = "<group>"; };
		F88900412236AEFE0004FCDD /* Launcher.swift */ = {isa = PBXFileReference; lastKnownFileType = sourcecode.swift; path = Launcher.swift; sourceTree = "<group>"; };
		F889004322381B360004FCDD /* HomeRouter.swift */ = {isa = PBXFileReference; lastKnownFileType = sourcecode.swift; path = HomeRouter.swift; sourceTree = "<group>"; };
		F88900452238C8C00004FCDD /* SBService.swift */ = {isa = PBXFileReference; lastKnownFileType = sourcecode.swift; path = SBService.swift; sourceTree = "<group>"; };
		F88900472238CCF10004FCDD /* AppConfig.swift */ = {isa = PBXFileReference; lastKnownFileType = sourcecode.swift; path = AppConfig.swift; sourceTree = "<group>"; };
		F88900492238CE450004FCDD /* Global.swift */ = {isa = PBXFileReference; lastKnownFileType = sourcecode.swift; path = Global.swift; sourceTree = "<group>"; };
		F889005422390CA70004FCDD /* MessageClassifier.mlmodel */ = {isa = PBXFileReference; lastKnownFileType = file.mlmodel; path = MessageClassifier.mlmodel; sourceTree = "<group>"; };
		F889005622390CD80004FCDD /* SpamDetector.swift */ = {isa = PBXFileReference; lastKnownFileType = sourcecode.swift; path = SpamDetector.swift; sourceTree = "<group>"; };
		F889005822390D170004FCDD /* words_ordered.txt */ = {isa = PBXFileReference; fileEncoding = 4; lastKnownFileType = text; path = words_ordered.txt; sourceTree = "<group>"; };
		F889005922390D170004FCDD /* SMSSpamCollection.txt */ = {isa = PBXFileReference; fileEncoding = 4; lastKnownFileType = text; path = SMSSpamCollection.txt; sourceTree = "<group>"; };
		F889005C223972230004FCDD /* SBServiceSpec.swift */ = {isa = PBXFileReference; lastKnownFileType = sourcecode.swift; path = SBServiceSpec.swift; sourceTree = "<group>"; };
/* End PBXFileReference section */

/* Begin PBXFrameworksBuildPhase section */
		F815041422366C5500C2F6DB /* Frameworks */ = {
			isa = PBXFrameworksBuildPhase;
			buildActionMask = 2147483647;
			files = (
				6BF4B616328EBB2B09D7DA5E /* Pods_SocialBoard.framework in Frameworks */,
			);
			runOnlyForDeploymentPostprocessing = 0;
		};
		F815042822366C5800C2F6DB /* Frameworks */ = {
			isa = PBXFrameworksBuildPhase;
			buildActionMask = 2147483647;
			files = (
				FDA342E10BF6BDB8167D60AA /* Pods_SocialBoardTests.framework in Frameworks */,
			);
			runOnlyForDeploymentPostprocessing = 0;
		};
		F815043322366C5800C2F6DB /* Frameworks */ = {
			isa = PBXFrameworksBuildPhase;
			buildActionMask = 2147483647;
			files = (
				A2E48C12527923085A26F6C4 /* Pods_SocialBoardUITests.framework in Frameworks */,
			);
			runOnlyForDeploymentPostprocessing = 0;
		};
/* End PBXFrameworksBuildPhase section */

/* Begin PBXGroup section */
		38F6F873B9C8EE2F32B68624 /* Pods */ = {
			isa = PBXGroup;
			children = (
				72E6608C6E7AF7620815A387 /* Pods-SocialBoard.debug.xcconfig */,
				A9B1AAFA484AF79892644ED7 /* Pods-SocialBoard.release.xcconfig */,
				59C72F8FAD5791548F6C02FF /* Pods-SocialBoardTests.debug.xcconfig */,
				63BFFD4B87E40B94322E914C /* Pods-SocialBoardTests.release.xcconfig */,
				D1ABE09EEF85D88190860C60 /* Pods-SocialBoardUITests.debug.xcconfig */,
				EC98CAC98598B64A07B09C50 /* Pods-SocialBoardUITests.release.xcconfig */,
			);
			name = Pods;
			sourceTree = "<group>";
		};
		5F43156727919333B6A3D67D /* Frameworks */ = {
			isa = PBXGroup;
			children = (
				657CF35E0B8A8B5E3F4849E7 /* Pods_SocialBoard.framework */,
				A1473547D511BB026AF24444 /* Pods_SocialBoardTests.framework */,
				6A579941B9936A8C2A5990D9 /* Pods_SocialBoardUITests.framework */,
			);
			name = Frameworks;
			sourceTree = "<group>";
		};
		F815040E22366C5500C2F6DB = {
			isa = PBXGroup;
			children = (
				F81504492236A44800C2F6DB /* README.md */,
				F815041922366C5500C2F6DB /* SocialBoard */,
				F815042E22366C5800C2F6DB /* SocialBoardTests */,
				F815043922366C5800C2F6DB /* SocialBoardUITests */,
				F815041822366C5500C2F6DB /* Products */,
				38F6F873B9C8EE2F32B68624 /* Pods */,
				5F43156727919333B6A3D67D /* Frameworks */,
			);
			sourceTree = "<group>";
		};
		F815041822366C5500C2F6DB /* Products */ = {
			isa = PBXGroup;
			children = (
				F815041722366C5500C2F6DB /* SocialBoard.app */,
				F815042B22366C5800C2F6DB /* SocialBoardTests.xctest */,
				F815043622366C5800C2F6DB /* SocialBoardUITests.xctest */,
			);
			name = Products;
			sourceTree = "<group>";
		};
		F815041922366C5500C2F6DB /* SocialBoard */ = {
			isa = PBXGroup;
			children = (
				F867980E223D9DF90064F145 /* App */,
				F889005322390CA70004FCDD /* MachineLearning */,
				F889002D2236AE950004FCDD /* Networking */,
				F889002E2236AE950004FCDD /* Reusables */,
				F88900372236AE960004FCDD /* Sences */,
				F88900312236AE950004FCDD /* Resources */,
				F815042622366C5800C2F6DB /* Info.plist */,
			);
			path = SocialBoard;
			sourceTree = "<group>";
		};
		F815042E22366C5800C2F6DB /* SocialBoardTests */ = {
			isa = PBXGroup;
			children = (
				F815042F22366C5800C2F6DB /* SocialBoardTests.swift */,
				F889005C223972230004FCDD /* SBServiceSpec.swift */,
				F86797DA223CE37C0064F145 /* ModelsSpec.swift */,
				F86797AE223C0BB80064F145 /* SpamDetector.swift */,
				F815043122366C5800C2F6DB /* Info.plist */,
			);
			path = SocialBoardTests;
			sourceTree = "<group>";
		};
		F815043922366C5800C2F6DB /* SocialBoardUITests */ = {
			isa = PBXGroup;
			children = (
				F815043A22366C5800C2F6DB /* SocialBoardUITests.swift */,
				F815043C22366C5800C2F6DB /* Info.plist */,
			);
			path = SocialBoardUITests;
			sourceTree = "<group>";
		};
		F86797B2223C11630064F145 /* PostListView */ = {
			isa = PBXGroup;
			children = (
				F86797E6223D4B5E0064F145 /* PostSectionController.swift */,
				F86797B5223C11880064F145 /* ViewModel */,
				F86797B4223C11820064F145 /* Model */,
			);
			path = PostListView;
			sourceTree = "<group>";
		};
		F86797B4223C11820064F145 /* Model */ = {
			isa = PBXGroup;
			children = (
				F86797B6223C11DF0064F145 /* PostsRepo.swift */,
				F8679824223E9AB40064F145 /* CommentsRepo.swift */,
			);
			path = Model;
			sourceTree = "<group>";
		};
		F86797B5223C11880064F145 /* ViewModel */ = {
			isa = PBXGroup;
			children = (
				F86797BA223C12530064F145 /* PostListViewModel.swift */,
				F86797E4223D47960064F145 /* PostListItemViewModel.swift */,
			);
			name = ViewModel;
			path = Model/ViewModel;
			sourceTree = "<group>";
		};
		F86797BC223C13D10064F145 /* BaseClass */ = {
			isa = PBXGroup;
			children = (
				F86797E2223D2B480064F145 /* CollectionViewController.swift */,
				F86797BD223C13E20064F145 /* BaseModel.swift */,
				F86797BF223C13EC0064F145 /* BaseViewModel.swift */,
				F86797C1223C13FA0064F145 /* BaseView.swift */,
			);
			path = BaseClass;
			sourceTree = "<group>";
		};
		F86797C7223C23DF0064F145 /* DataModels */ = {
			isa = PBXGroup;
			children = (
				F86797C8223C23F70064F145 /* SBPost.swift */,
				F86797D2223CCFB70064F145 /* SBComment.swift */,
				F86797CC223C242A0064F145 /* SBUser.swift */,
				F86797CE223C24900064F145 /* SBAlbum.swift */,
				F86797D0223CCF9F0064F145 /* SBPhoto.swift */,
			);
			path = DataModels;
			sourceTree = "<group>";
		};
		F86797D6223CDF6C0064F145 /* Extension */ = {
			isa = PBXGroup;
			children = (
				F86797D7223CDF900064F145 /* Array+.swift */,
				F86797DE223D106D0064F145 /* Collection+.swift */,
			);
			path = Extension;
			sourceTree = "<group>";
		};
		F86797E8223D64C50064F145 /* Views */ = {
			isa = PBXGroup;
			children = (
				F8679820223E71DA0064F145 /* ActionCell.swift */,
				F8679804223D75E20064F145 /* FullWidthSelfSizingCell.swift */,
				F86797F9223D65310064F145 /* RemoveCell.swift */,
				F86797F7223D65240064F145 /* SpinnerCell.swift */,
				F86797F2223D65150064F145 /* InteractiveCell.h */,
				F86797F1223D65150064F145 /* InteractiveCell.m */,
				F86797EF223D65050064F145 /* CommentCell.h */,
				F86797EE223D65040064F145 /* CommentCell.m */,
				F86797EB223D64E60064F145 /* ImageCell.swift */,
				F86797E9223D64DF0064F145 /* LabelCell.swift */,
				F86797FB223D65A70064F145 /* DetailLabelCell.swift */,
				F86797ED223D65020064F145 /* SocialBoard-Bridging-Header.h */,
			);
			path = Views;
			sourceTree = "<group>";
		};
		F86797FD223D669A0064F145 /* ViewModels */ = {
			isa = PBXGroup;
			children = (
				F86797FE223D66DB0064F145 /* LabelViewModel.swift */,
				F8679822223E7B700064F145 /* ActionCellViewModel.swift */,
				F8679802223D6C980064F145 /* DetailViewModel.swift */,
				F8679806223D81930064F145 /* FullWidthSelfSizingViewModel.swift */,
				F8679808223D81BC0064F145 /* CommentViewModel.swift */,
			);
			path = ViewModels;
			sourceTree = "<group>";
		};
		F867980E223D9DF90064F145 /* App */ = {
			isa = PBXGroup;
			children = (
				F889002B2236AE8D0004FCDD /* AppDelegate.swift */,
				F88900472238CCF10004FCDD /* AppConfig.swift */,
				F88900492238CE450004FCDD /* Global.swift */,
			);
			path = App;
			sourceTree = "<group>";
		};
		F867980F223DB4FE0064F145 /* SectionController */ = {
			isa = PBXGroup;
			children = (
				F8679810223DB51F0064F145 /* ImageCell+SectionController.swift */,
				F8679815223E4ECE0064F145 /* SpinnerCell+SectionController.swift.swift */,
			);
			path = SectionController;
			sourceTree = "<group>";
		};
		F8679812223E31B10064F145 /* Images */ = {
			isa = PBXGroup;
			children = (
				F8679813223E31C60064F145 /* no-image-placeholder-big.jpg */,
			);
			path = Images;
			sourceTree = "<group>";
		};
		F8679817223E69F90064F145 /* Animations */ = {
			isa = PBXGroup;
			children = (
				F8679826223EA2DE0064F145 /* 4385-first-shot.json */,
				F867981E223E6F5F0064F145 /* 4020-loading-state.json */,
				F867981C223E6EDC0064F145 /* 4248-loading.json */,
				F867981A223E6E3C0064F145 /* animation-w800-h800.json */,
			);
			path = Animations;
			sourceTree = "<group>";
		};
		F889002D2236AE950004FCDD /* Networking */ = {
			isa = PBXGroup;
			children = (
				F88900452238C8C00004FCDD /* SBService.swift */,
			);
			path = Networking;
			sourceTree = "<group>";
		};
		F889002E2236AE950004FCDD /* Reusables */ = {
			isa = PBXGroup;
			children = (
				F867980F223DB4FE0064F145 /* SectionController */,
				F86797E8223D64C50064F145 /* Views */,
				F86797C7223C23DF0064F145 /* DataModels */,
				F86797FD223D669A0064F145 /* ViewModels */,
				F86797BC223C13D10064F145 /* BaseClass */,
				F86797B2223C11630064F145 /* PostListView */,
				F86797D6223CDF6C0064F145 /* Extension */,
				F889002F2236AE950004FCDD /* Router */,
			);
			path = Reusables;
			sourceTree = "<group>";
		};
		F889002F2236AE950004FCDD /* Router */ = {
			isa = PBXGroup;
			children = (
				F88900302236AE950004FCDD /* Router.swift */,
			);
			path = Router;
			sourceTree = "<group>";
		};
		F88900312236AE950004FCDD /* Resources */ = {
			isa = PBXGroup;
			children = (
				F8679812223E31B10064F145 /* Images */,
				F8679817223E69F90064F145 /* Animations */,
				F88900322236AE950004FCDD /* Assets.xcassets */,
				F88900332236AE950004FCDD /* LaunchScreen.storyboard */,
				F88900352236AE950004FCDD /* Main.storyboard */,
			);
			path = Resources;
			sourceTree = "<group>";
		};
		F88900372236AE960004FCDD /* Sences */ = {
			isa = PBXGroup;
			children = (
				F88900412236AEFE0004FCDD /* Launcher.swift */,
				F88900382236AE960004FCDD /* Home */,
				F889003A2236AE960004FCDD /* Comments */,
				F889003B2236AE960004FCDD /* Users */,
			);
			path = Sences;
			sourceTree = "<group>";
		};
		F88900382236AE960004FCDD /* Home */ = {
			isa = PBXGroup;
			children = (
				F88900392236AE960004FCDD /* HomeViewController.swift */,
				F889004322381B360004FCDD /* HomeRouter.swift */,
			);
			path = Home;
			sourceTree = "<group>";
		};
		F889003A2236AE960004FCDD /* Comments */ = {
			isa = PBXGroup;
			children = (
			);
			path = Comments;
			sourceTree = "<group>";
		};
		F889003B2236AE960004FCDD /* Users */ = {
			isa = PBXGroup;
			children = (
			);
			path = Users;
			sourceTree = "<group>";
		};
		F889005322390CA70004FCDD /* MachineLearning */ = {
			isa = PBXGroup;
			children = (
				F889005922390D170004FCDD /* SMSSpamCollection.txt */,
				F889005822390D170004FCDD /* words_ordered.txt */,
				F889005422390CA70004FCDD /* MessageClassifier.mlmodel */,
				F889005622390CD80004FCDD /* SpamDetector.swift */,
			);
			path = MachineLearning;
			sourceTree = "<group>";
		};
/* End PBXGroup section */

/* Begin PBXNativeTarget section */
		F815041622366C5500C2F6DB /* SocialBoard */ = {
			isa = PBXNativeTarget;
			buildConfigurationList = F815043F22366C5800C2F6DB /* Build configuration list for PBXNativeTarget "SocialBoard" */;
			buildPhases = (
				87B40073A3821C7D940A6070 /* [CP] Check Pods Manifest.lock */,
				F815041322366C5500C2F6DB /* Sources */,
				F815041422366C5500C2F6DB /* Frameworks */,
				F815041522366C5500C2F6DB /* Resources */,
				9EBEF11E0F8F8D3F5F08F93C /* [CP] Embed Pods Frameworks */,
				BF19499AE1F0986CB06D27BE /* [CP] Copy Pods Resources */,
			);
			buildRules = (
			);
			dependencies = (
			);
			name = SocialBoard;
			productName = SocialBoard;
			productReference = F815041722366C5500C2F6DB /* SocialBoard.app */;
			productType = "com.apple.product-type.application";
		};
		F815042A22366C5800C2F6DB /* SocialBoardTests */ = {
			isa = PBXNativeTarget;
			buildConfigurationList = F815044222366C5800C2F6DB /* Build configuration list for PBXNativeTarget "SocialBoardTests" */;
			buildPhases = (
				EDC57BB0D0566848827E95E2 /* [CP] Check Pods Manifest.lock */,
				F815042722366C5800C2F6DB /* Sources */,
				F815042822366C5800C2F6DB /* Frameworks */,
				F815042922366C5800C2F6DB /* Resources */,
				F1B45A3EB43BAD7F6FFC14BD /* [CP] Embed Pods Frameworks */,
				6566D440FFE010187F3AFC09 /* [CP] Copy Pods Resources */,
			);
			buildRules = (
			);
			dependencies = (
				F815042D22366C5800C2F6DB /* PBXTargetDependency */,
			);
			name = SocialBoardTests;
			productName = SocialBoardTests;
			productReference = F815042B22366C5800C2F6DB /* SocialBoardTests.xctest */;
			productType = "com.apple.product-type.bundle.unit-test";
		};
		F815043522366C5800C2F6DB /* SocialBoardUITests */ = {
			isa = PBXNativeTarget;
			buildConfigurationList = F815044522366C5800C2F6DB /* Build configuration list for PBXNativeTarget "SocialBoardUITests" */;
			buildPhases = (
				797F2726F315F08957E2A8E2 /* [CP] Check Pods Manifest.lock */,
				F815043222366C5800C2F6DB /* Sources */,
				F815043322366C5800C2F6DB /* Frameworks */,
				F815043422366C5800C2F6DB /* Resources */,
				03B001D3665CD5F679C4147A /* [CP] Embed Pods Frameworks */,
				E1B342BE4382FFCAF82F7233 /* [CP] Copy Pods Resources */,
			);
			buildRules = (
			);
			dependencies = (
				F815043822366C5800C2F6DB /* PBXTargetDependency */,
			);
			name = SocialBoardUITests;
			productName = SocialBoardUITests;
			productReference = F815043622366C5800C2F6DB /* SocialBoardUITests.xctest */;
			productType = "com.apple.product-type.bundle.ui-testing";
		};
/* End PBXNativeTarget section */

/* Begin PBXProject section */
		F815040F22366C5500C2F6DB /* Project object */ = {
			isa = PBXProject;
			attributes = {
				LastSwiftUpdateCheck = 1010;
				LastUpgradeCheck = 1010;
				ORGANIZATIONNAME = Life;
				TargetAttributes = {
					F815041622366C5500C2F6DB = {
						CreatedOnToolsVersion = 10.1;
						LastSwiftMigration = 1010;
					};
					F815042A22366C5800C2F6DB = {
						CreatedOnToolsVersion = 10.1;
						TestTargetID = F815041622366C5500C2F6DB;
					};
					F815043522366C5800C2F6DB = {
						CreatedOnToolsVersion = 10.1;
						TestTargetID = F815041622366C5500C2F6DB;
					};
				};
			};
			buildConfigurationList = F815041222366C5500C2F6DB /* Build configuration list for PBXProject "SocialBoard" */;
			compatibilityVersion = "Xcode 9.3";
			developmentRegion = en;
			hasScannedForEncodings = 0;
			knownRegions = (
				en,
				Base,
			);
			mainGroup = F815040E22366C5500C2F6DB;
			productRefGroup = F815041822366C5500C2F6DB /* Products */;
			projectDirPath = "";
			projectRoot = "";
			targets = (
				F815041622366C5500C2F6DB /* SocialBoard */,
				F815042A22366C5800C2F6DB /* SocialBoardTests */,
				F815043522366C5800C2F6DB /* SocialBoardUITests */,
			);
		};
/* End PBXProject section */

/* Begin PBXResourcesBuildPhase section */
		F815041522366C5500C2F6DB /* Resources */ = {
			isa = PBXResourcesBuildPhase;
			buildActionMask = 2147483647;
			files = (
				F867981F223E6F5F0064F145 /* 4020-loading-state.json in Resources */,
				F867981D223E6EDC0064F145 /* 4248-loading.json in Resources */,
				F889003E2236AE960004FCDD /* LaunchScreen.storyboard in Resources */,
				F889005B22390D170004FCDD /* SMSSpamCollection.txt in Resources */,
				F889003D2236AE960004FCDD /* Assets.xcassets in Resources */,
				F8679814223E31C60064F145 /* no-image-placeholder-big.jpg in Resources */,
				F867981B223E6E3C0064F145 /* animation-w800-h800.json in Resources */,
				F815044A2236A44A00C2F6DB /* README.md in Resources */,
				F889005A22390D170004FCDD /* words_ordered.txt in Resources */,
				F8679827223EA2DF0064F145 /* 4385-first-shot.json in Resources */,
				F889003F2236AE960004FCDD /* Main.storyboard in Resources */,
			);
			runOnlyForDeploymentPostprocessing = 0;
		};
		F815042922366C5800C2F6DB /* Resources */ = {
			isa = PBXResourcesBuildPhase;
			buildActionMask = 2147483647;
			files = (
			);
			runOnlyForDeploymentPostprocessing = 0;
		};
		F815043422366C5800C2F6DB /* Resources */ = {
			isa = PBXResourcesBuildPhase;
			buildActionMask = 2147483647;
			files = (
			);
			runOnlyForDeploymentPostprocessing = 0;
		};
/* End PBXResourcesBuildPhase section */

/* Begin PBXShellScriptBuildPhase section */
		03B001D3665CD5F679C4147A /* [CP] Embed Pods Frameworks */ = {
			isa = PBXShellScriptBuildPhase;
			buildActionMask = 2147483647;
			files = (
			);
			inputFileListPaths = (
			);
			inputPaths = (
				"${SRCROOT}/Pods/Target Support Files/Pods-SocialBoardUITests/Pods-SocialBoardUITests-frameworks.sh",
				"${BUILT_PRODUCTS_DIR}/Alamofire/Alamofire.framework",
				"${BUILT_PRODUCTS_DIR}/IGListKit/IGListKit.framework",
				"${BUILT_PRODUCTS_DIR}/Moya/Moya.framework",
				"${BUILT_PRODUCTS_DIR}/ObjectMapper/ObjectMapper.framework",
				"${BUILT_PRODUCTS_DIR}/R.swift.Library/Rswift.framework",
				"${BUILT_PRODUCTS_DIR}/Result/Result.framework",
				"${BUILT_PRODUCTS_DIR}/RxAtomic/RxAtomic.framework",
				"${BUILT_PRODUCTS_DIR}/RxCocoa/RxCocoa.framework",
				"${BUILT_PRODUCTS_DIR}/RxOptional/RxOptional.framework",
				"${BUILT_PRODUCTS_DIR}/RxSwift/RxSwift.framework",
				"${BUILT_PRODUCTS_DIR}/SDWebImage/SDWebImage.framework",
				"${BUILT_PRODUCTS_DIR}/Shallows/Shallows.framework",
				"${BUILT_PRODUCTS_DIR}/SnapKit/SnapKit.framework",
				"${BUILT_PRODUCTS_DIR}/SwiftyJSON/SwiftyJSON.framework",
				"${BUILT_PRODUCTS_DIR}/Then/Then.framework",
				"${BUILT_PRODUCTS_DIR}/UIImageViewAlignedSwift/UIImageViewAlignedSwift.framework",
				"${BUILT_PRODUCTS_DIR}/lottie-ios/Lottie.framework",
				"${BUILT_PRODUCTS_DIR}/pop/pop.framework",
			);
			name = "[CP] Embed Pods Frameworks";
			outputFileListPaths = (
			);
			outputPaths = (
				"${TARGET_BUILD_DIR}/${FRAMEWORKS_FOLDER_PATH}/Alamofire.framework",
				"${TARGET_BUILD_DIR}/${FRAMEWORKS_FOLDER_PATH}/IGListKit.framework",
				"${TARGET_BUILD_DIR}/${FRAMEWORKS_FOLDER_PATH}/Moya.framework",
				"${TARGET_BUILD_DIR}/${FRAMEWORKS_FOLDER_PATH}/ObjectMapper.framework",
				"${TARGET_BUILD_DIR}/${FRAMEWORKS_FOLDER_PATH}/Rswift.framework",
				"${TARGET_BUILD_DIR}/${FRAMEWORKS_FOLDER_PATH}/Result.framework",
				"${TARGET_BUILD_DIR}/${FRAMEWORKS_FOLDER_PATH}/RxAtomic.framework",
				"${TARGET_BUILD_DIR}/${FRAMEWORKS_FOLDER_PATH}/RxCocoa.framework",
				"${TARGET_BUILD_DIR}/${FRAMEWORKS_FOLDER_PATH}/RxOptional.framework",
				"${TARGET_BUILD_DIR}/${FRAMEWORKS_FOLDER_PATH}/RxSwift.framework",
				"${TARGET_BUILD_DIR}/${FRAMEWORKS_FOLDER_PATH}/SDWebImage.framework",
				"${TARGET_BUILD_DIR}/${FRAMEWORKS_FOLDER_PATH}/Shallows.framework",
				"${TARGET_BUILD_DIR}/${FRAMEWORKS_FOLDER_PATH}/SnapKit.framework",
				"${TARGET_BUILD_DIR}/${FRAMEWORKS_FOLDER_PATH}/SwiftyJSON.framework",
				"${TARGET_BUILD_DIR}/${FRAMEWORKS_FOLDER_PATH}/Then.framework",
				"${TARGET_BUILD_DIR}/${FRAMEWORKS_FOLDER_PATH}/UIImageViewAlignedSwift.framework",
				"${TARGET_BUILD_DIR}/${FRAMEWORKS_FOLDER_PATH}/Lottie.framework",
				"${TARGET_BUILD_DIR}/${FRAMEWORKS_FOLDER_PATH}/pop.framework",
			);
			runOnlyForDeploymentPostprocessing = 0;
			shellPath = /bin/sh;
			shellScript = "\"${SRCROOT}/Pods/Target Support Files/Pods-SocialBoardUITests/Pods-SocialBoardUITests-frameworks.sh\"\n";
			showEnvVarsInLog = 0;
		};
		6566D440FFE010187F3AFC09 /* [CP] Copy Pods Resources */ = {
			isa = PBXShellScriptBuildPhase;
			buildActionMask = 2147483647;
			files = (
			);
			inputFileListPaths = (
			);
			inputPaths = (
				"${SRCROOT}/Pods/Target Support Files/Pods-SocialBoardTests/Pods-SocialBoardTests-resources.sh",
				"${PODS_ROOT}/GoogleMaps/Maps/Frameworks/GoogleMaps.framework/Resources/GoogleMaps.bundle",
			);
			name = "[CP] Copy Pods Resources";
			outputFileListPaths = (
			);
			outputPaths = (
				"${TARGET_BUILD_DIR}/${UNLOCALIZED_RESOURCES_FOLDER_PATH}/GoogleMaps.bundle",
			);
			runOnlyForDeploymentPostprocessing = 0;
			shellPath = /bin/sh;
			shellScript = "\"${SRCROOT}/Pods/Target Support Files/Pods-SocialBoardTests/Pods-SocialBoardTests-resources.sh\"\n";
			showEnvVarsInLog = 0;
		};
		797F2726F315F08957E2A8E2 /* [CP] Check Pods Manifest.lock */ = {
			isa = PBXShellScriptBuildPhase;
			buildActionMask = 2147483647;
			files = (
			);
			inputFileListPaths = (
			);
			inputPaths = (
				"${PODS_PODFILE_DIR_PATH}/Podfile.lock",
				"${PODS_ROOT}/Manifest.lock",
			);
			name = "[CP] Check Pods Manifest.lock";
			outputFileListPaths = (
			);
			outputPaths = (
				"$(DERIVED_FILE_DIR)/Pods-SocialBoardUITests-checkManifestLockResult.txt",
			);
			runOnlyForDeploymentPostprocessing = 0;
			shellPath = /bin/sh;
			shellScript = "diff \"${PODS_PODFILE_DIR_PATH}/Podfile.lock\" \"${PODS_ROOT}/Manifest.lock\" > /dev/null\nif [ $? != 0 ] ; then\n    # print error to STDERR\n    echo \"error: The sandbox is not in sync with the Podfile.lock. Run 'pod install' or update your CocoaPods installation.\" >&2\n    exit 1\nfi\n# This output is used by Xcode 'outputs' to avoid re-running this script phase.\necho \"SUCCESS\" > \"${SCRIPT_OUTPUT_FILE_0}\"\n";
			showEnvVarsInLog = 0;
		};
		87B40073A3821C7D940A6070 /* [CP] Check Pods Manifest.lock */ = {
			isa = PBXShellScriptBuildPhase;
			buildActionMask = 2147483647;
			files = (
			);
			inputFileListPaths = (
			);
			inputPaths = (
				"${PODS_PODFILE_DIR_PATH}/Podfile.lock",
				"${PODS_ROOT}/Manifest.lock",
			);
			name = "[CP] Check Pods Manifest.lock";
			outputFileListPaths = (
			);
			outputPaths = (
				"$(DERIVED_FILE_DIR)/Pods-SocialBoard-checkManifestLockResult.txt",
			);
			runOnlyForDeploymentPostprocessing = 0;
			shellPath = /bin/sh;
			shellScript = "diff \"${PODS_PODFILE_DIR_PATH}/Podfile.lock\" \"${PODS_ROOT}/Manifest.lock\" > /dev/null\nif [ $? != 0 ] ; then\n    # print error to STDERR\n    echo \"error: The sandbox is not in sync with the Podfile.lock. Run 'pod install' or update your CocoaPods installation.\" >&2\n    exit 1\nfi\n# This output is used by Xcode 'outputs' to avoid re-running this script phase.\necho \"SUCCESS\" > \"${SCRIPT_OUTPUT_FILE_0}\"\n";
			showEnvVarsInLog = 0;
		};
		9EBEF11E0F8F8D3F5F08F93C /* [CP] Embed Pods Frameworks */ = {
			isa = PBXShellScriptBuildPhase;
			buildActionMask = 2147483647;
			files = (
			);
			inputFileListPaths = (
			);
			inputPaths = (
				"${SRCROOT}/Pods/Target Support Files/Pods-SocialBoard/Pods-SocialBoard-frameworks.sh",
				"${BUILT_PRODUCTS_DIR}/Alamofire/Alamofire.framework",
				"${BUILT_PRODUCTS_DIR}/IGListKit/IGListKit.framework",
				"${BUILT_PRODUCTS_DIR}/Moya/Moya.framework",
				"${BUILT_PRODUCTS_DIR}/ObjectMapper/ObjectMapper.framework",
				"${BUILT_PRODUCTS_DIR}/R.swift.Library/Rswift.framework",
				"${BUILT_PRODUCTS_DIR}/Result/Result.framework",
				"${BUILT_PRODUCTS_DIR}/RxAtomic/RxAtomic.framework",
				"${BUILT_PRODUCTS_DIR}/RxCocoa/RxCocoa.framework",
				"${BUILT_PRODUCTS_DIR}/RxOptional/RxOptional.framework",
				"${BUILT_PRODUCTS_DIR}/RxSwift/RxSwift.framework",
				"${BUILT_PRODUCTS_DIR}/SDWebImage/SDWebImage.framework",
				"${BUILT_PRODUCTS_DIR}/Shallows/Shallows.framework",
				"${BUILT_PRODUCTS_DIR}/SnapKit/SnapKit.framework",
				"${BUILT_PRODUCTS_DIR}/SwiftyJSON/SwiftyJSON.framework",
				"${BUILT_PRODUCTS_DIR}/Then/Then.framework",
				"${BUILT_PRODUCTS_DIR}/UIImageViewAlignedSwift/UIImageViewAlignedSwift.framework",
				"${BUILT_PRODUCTS_DIR}/lottie-ios/Lottie.framework",
				"${BUILT_PRODUCTS_DIR}/pop/pop.framework",
			);
			name = "[CP] Embed Pods Frameworks";
			outputFileListPaths = (
			);
			outputPaths = (
				"${TARGET_BUILD_DIR}/${FRAMEWORKS_FOLDER_PATH}/Alamofire.framework",
				"${TARGET_BUILD_DIR}/${FRAMEWORKS_FOLDER_PATH}/IGListKit.framework",
				"${TARGET_BUILD_DIR}/${FRAMEWORKS_FOLDER_PATH}/Moya.framework",
				"${TARGET_BUILD_DIR}/${FRAMEWORKS_FOLDER_PATH}/ObjectMapper.framework",
				"${TARGET_BUILD_DIR}/${FRAMEWORKS_FOLDER_PATH}/Rswift.framework",
				"${TARGET_BUILD_DIR}/${FRAMEWORKS_FOLDER_PATH}/Result.framework",
				"${TARGET_BUILD_DIR}/${FRAMEWORKS_FOLDER_PATH}/RxAtomic.framework",
				"${TARGET_BUILD_DIR}/${FRAMEWORKS_FOLDER_PATH}/RxCocoa.framework",
				"${TARGET_BUILD_DIR}/${FRAMEWORKS_FOLDER_PATH}/RxOptional.framework",
				"${TARGET_BUILD_DIR}/${FRAMEWORKS_FOLDER_PATH}/RxSwift.framework",
				"${TARGET_BUILD_DIR}/${FRAMEWORKS_FOLDER_PATH}/SDWebImage.framework",
				"${TARGET_BUILD_DIR}/${FRAMEWORKS_FOLDER_PATH}/Shallows.framework",
				"${TARGET_BUILD_DIR}/${FRAMEWORKS_FOLDER_PATH}/SnapKit.framework",
				"${TARGET_BUILD_DIR}/${FRAMEWORKS_FOLDER_PATH}/SwiftyJSON.framework",
				"${TARGET_BUILD_DIR}/${FRAMEWORKS_FOLDER_PATH}/Then.framework",
				"${TARGET_BUILD_DIR}/${FRAMEWORKS_FOLDER_PATH}/UIImageViewAlignedSwift.framework",
				"${TARGET_BUILD_DIR}/${FRAMEWORKS_FOLDER_PATH}/Lottie.framework",
				"${TARGET_BUILD_DIR}/${FRAMEWORKS_FOLDER_PATH}/pop.framework",
			);
			runOnlyForDeploymentPostprocessing = 0;
			shellPath = /bin/sh;
			shellScript = "\"${SRCROOT}/Pods/Target Support Files/Pods-SocialBoard/Pods-SocialBoard-frameworks.sh\"\n";
			showEnvVarsInLog = 0;
		};
		BF19499AE1F0986CB06D27BE /* [CP] Copy Pods Resources */ = {
			isa = PBXShellScriptBuildPhase;
			buildActionMask = 2147483647;
			files = (
			);
			inputFileListPaths = (
			);
			inputPaths = (
				"${SRCROOT}/Pods/Target Support Files/Pods-SocialBoard/Pods-SocialBoard-resources.sh",
				"${PODS_ROOT}/GoogleMaps/Maps/Frameworks/GoogleMaps.framework/Resources/GoogleMaps.bundle",
			);
			name = "[CP] Copy Pods Resources";
			outputFileListPaths = (
			);
			outputPaths = (
				"${TARGET_BUILD_DIR}/${UNLOCALIZED_RESOURCES_FOLDER_PATH}/GoogleMaps.bundle",
			);
			runOnlyForDeploymentPostprocessing = 0;
			shellPath = /bin/sh;
			shellScript = "\"${SRCROOT}/Pods/Target Support Files/Pods-SocialBoard/Pods-SocialBoard-resources.sh\"\n";
			showEnvVarsInLog = 0;
		};
		E1B342BE4382FFCAF82F7233 /* [CP] Copy Pods Resources */ = {
			isa = PBXShellScriptBuildPhase;
			buildActionMask = 2147483647;
			files = (
			);
			inputFileListPaths = (
			);
			inputPaths = (
				"${SRCROOT}/Pods/Target Support Files/Pods-SocialBoardUITests/Pods-SocialBoardUITests-resources.sh",
				"${PODS_ROOT}/GoogleMaps/Maps/Frameworks/GoogleMaps.framework/Resources/GoogleMaps.bundle",
			);
			name = "[CP] Copy Pods Resources";
			outputFileListPaths = (
			);
			outputPaths = (
				"${TARGET_BUILD_DIR}/${UNLOCALIZED_RESOURCES_FOLDER_PATH}/GoogleMaps.bundle",
			);
			runOnlyForDeploymentPostprocessing = 0;
			shellPath = /bin/sh;
			shellScript = "\"${SRCROOT}/Pods/Target Support Files/Pods-SocialBoardUITests/Pods-SocialBoardUITests-resources.sh\"\n";
			showEnvVarsInLog = 0;
		};
		EDC57BB0D0566848827E95E2 /* [CP] Check Pods Manifest.lock */ = {
			isa = PBXShellScriptBuildPhase;
			buildActionMask = 2147483647;
			files = (
			);
			inputFileListPaths = (
			);
			inputPaths = (
				"${PODS_PODFILE_DIR_PATH}/Podfile.lock",
				"${PODS_ROOT}/Manifest.lock",
			);
			name = "[CP] Check Pods Manifest.lock";
			outputFileListPaths = (
			);
			outputPaths = (
				"$(DERIVED_FILE_DIR)/Pods-SocialBoardTests-checkManifestLockResult.txt",
			);
			runOnlyForDeploymentPostprocessing = 0;
			shellPath = /bin/sh;
			shellScript = "diff \"${PODS_PODFILE_DIR_PATH}/Podfile.lock\" \"${PODS_ROOT}/Manifest.lock\" > /dev/null\nif [ $? != 0 ] ; then\n    # print error to STDERR\n    echo \"error: The sandbox is not in sync with the Podfile.lock. Run 'pod install' or update your CocoaPods installation.\" >&2\n    exit 1\nfi\n# This output is used by Xcode 'outputs' to avoid re-running this script phase.\necho \"SUCCESS\" > \"${SCRIPT_OUTPUT_FILE_0}\"\n";
			showEnvVarsInLog = 0;
		};
		F1B45A3EB43BAD7F6FFC14BD /* [CP] Embed Pods Frameworks */ = {
			isa = PBXShellScriptBuildPhase;
			buildActionMask = 2147483647;
			files = (
			);
			inputFileListPaths = (
			);
			inputPaths = (
				"${SRCROOT}/Pods/Target Support Files/Pods-SocialBoardTests/Pods-SocialBoardTests-frameworks.sh",
				"${BUILT_PRODUCTS_DIR}/Alamofire/Alamofire.framework",
				"${BUILT_PRODUCTS_DIR}/IGListKit/IGListKit.framework",
				"${BUILT_PRODUCTS_DIR}/Moya/Moya.framework",
				"${BUILT_PRODUCTS_DIR}/ObjectMapper/ObjectMapper.framework",
				"${BUILT_PRODUCTS_DIR}/R.swift.Library/Rswift.framework",
				"${BUILT_PRODUCTS_DIR}/Result/Result.framework",
				"${BUILT_PRODUCTS_DIR}/RxAtomic/RxAtomic.framework",
				"${BUILT_PRODUCTS_DIR}/RxCocoa/RxCocoa.framework",
				"${BUILT_PRODUCTS_DIR}/RxOptional/RxOptional.framework",
				"${BUILT_PRODUCTS_DIR}/RxSwift/RxSwift.framework",
				"${BUILT_PRODUCTS_DIR}/SDWebImage/SDWebImage.framework",
				"${BUILT_PRODUCTS_DIR}/Shallows/Shallows.framework",
				"${BUILT_PRODUCTS_DIR}/SnapKit/SnapKit.framework",
				"${BUILT_PRODUCTS_DIR}/SwiftyJSON/SwiftyJSON.framework",
				"${BUILT_PRODUCTS_DIR}/Then/Then.framework",
				"${BUILT_PRODUCTS_DIR}/UIImageViewAlignedSwift/UIImageViewAlignedSwift.framework",
				"${BUILT_PRODUCTS_DIR}/lottie-ios/Lottie.framework",
				"${BUILT_PRODUCTS_DIR}/pop/pop.framework",
				"${BUILT_PRODUCTS_DIR}/Nimble/Nimble.framework",
				"${BUILT_PRODUCTS_DIR}/Quick/Quick.framework",
			);
			name = "[CP] Embed Pods Frameworks";
			outputFileListPaths = (
			);
			outputPaths = (
				"${TARGET_BUILD_DIR}/${FRAMEWORKS_FOLDER_PATH}/Alamofire.framework",
				"${TARGET_BUILD_DIR}/${FRAMEWORKS_FOLDER_PATH}/IGListKit.framework",
				"${TARGET_BUILD_DIR}/${FRAMEWORKS_FOLDER_PATH}/Moya.framework",
				"${TARGET_BUILD_DIR}/${FRAMEWORKS_FOLDER_PATH}/ObjectMapper.framework",
				"${TARGET_BUILD_DIR}/${FRAMEWORKS_FOLDER_PATH}/Rswift.framework",
				"${TARGET_BUILD_DIR}/${FRAMEWORKS_FOLDER_PATH}/Result.framework",
				"${TARGET_BUILD_DIR}/${FRAMEWORKS_FOLDER_PATH}/RxAtomic.framework",
				"${TARGET_BUILD_DIR}/${FRAMEWORKS_FOLDER_PATH}/RxCocoa.framework",
				"${TARGET_BUILD_DIR}/${FRAMEWORKS_FOLDER_PATH}/RxOptional.framework",
				"${TARGET_BUILD_DIR}/${FRAMEWORKS_FOLDER_PATH}/RxSwift.framework",
				"${TARGET_BUILD_DIR}/${FRAMEWORKS_FOLDER_PATH}/SDWebImage.framework",
				"${TARGET_BUILD_DIR}/${FRAMEWORKS_FOLDER_PATH}/Shallows.framework",
				"${TARGET_BUILD_DIR}/${FRAMEWORKS_FOLDER_PATH}/SnapKit.framework",
				"${TARGET_BUILD_DIR}/${FRAMEWORKS_FOLDER_PATH}/SwiftyJSON.framework",
				"${TARGET_BUILD_DIR}/${FRAMEWORKS_FOLDER_PATH}/Then.framework",
				"${TARGET_BUILD_DIR}/${FRAMEWORKS_FOLDER_PATH}/UIImageViewAlignedSwift.framework",
				"${TARGET_BUILD_DIR}/${FRAMEWORKS_FOLDER_PATH}/Lottie.framework",
				"${TARGET_BUILD_DIR}/${FRAMEWORKS_FOLDER_PATH}/pop.framework",
				"${TARGET_BUILD_DIR}/${FRAMEWORKS_FOLDER_PATH}/Nimble.framework",
				"${TARGET_BUILD_DIR}/${FRAMEWORKS_FOLDER_PATH}/Quick.framework",
			);
			runOnlyForDeploymentPostprocessing = 0;
			shellPath = /bin/sh;
			shellScript = "\"${SRCROOT}/Pods/Target Support Files/Pods-SocialBoardTests/Pods-SocialBoardTests-frameworks.sh\"\n";
			showEnvVarsInLog = 0;
		};
/* End PBXShellScriptBuildPhase section */

/* Begin PBXSourcesBuildPhase section */
		F815041322366C5500C2F6DB /* Sources */ = {
			isa = PBXSourcesBuildPhase;
			buildActionMask = 2147483647;
			files = (
				F8679821223E71DA0064F145 /* ActionCell.swift in Sources */,
				F86797FF223D66DB0064F145 /* LabelViewModel.swift in Sources */,
				F86797E3223D2B480064F145 /* CollectionViewController.swift in Sources */,
				F8679809223D81BC0064F145 /* CommentViewModel.swift in Sources */,
				F86797CF223C24900064F145 /* SBAlbum.swift in Sources */,
				F86797FC223D65A70064F145 /* DetailLabelCell.swift in Sources */,
				F86797DF223D106D0064F145 /* Collection+.swift in Sources */,
				F889005522390CA80004FCDD /* MessageClassifier.mlmodel in Sources */,
				F889004A2238CE450004FCDD /* Global.swift in Sources */,
				F889003C2236AE960004FCDD /* Router.swift in Sources */,
				F86797CD223C242A0064F145 /* SBUser.swift in Sources */,
				F86797C2223C13FA0064F145 /* BaseView.swift in Sources */,
				F889002C2236AE8D0004FCDD /* AppDelegate.swift in Sources */,
				F86797F3223D65160064F145 /* InteractiveCell.m in Sources */,
				F86797FA223D65310064F145 /* RemoveCell.swift in Sources */,
				F889005722390CD80004FCDD /* SpamDetector.swift in Sources */,
				F86797C0223C13EC0064F145 /* BaseViewModel.swift in Sources */,
				F86797D1223CCF9F0064F145 /* SBPhoto.swift in Sources */,
				F8679811223DB51F0064F145 /* ImageCell+SectionController.swift in Sources */,
				F86797B7223C11DF0064F145 /* PostsRepo.swift in Sources */,
				F86797BB223C12530064F145 /* PostListViewModel.swift in Sources */,
				F86797E5223D47960064F145 /* PostListItemViewModel.swift in Sources */,
				F88900402236AE960004FCDD /* HomeViewController.swift in Sources */,
				F86797F0223D65050064F145 /* CommentCell.m in Sources */,
				F8679807223D81930064F145 /* FullWidthSelfSizingViewModel.swift in Sources */,
				F88900482238CCF10004FCDD /* AppConfig.swift in Sources */,
				F86797BE223C13E20064F145 /* BaseModel.swift in Sources */,
				F8679805223D75E20064F145 /* FullWidthSelfSizingCell.swift in Sources */,
				F8679825223E9AB40064F145 /* CommentsRepo.swift in Sources */,
				F88900422236AEFE0004FCDD /* Launcher.swift in Sources */,
				F86797C9223C23F70064F145 /* SBPost.swift in Sources */,
				F889004422381B360004FCDD /* HomeRouter.swift in Sources */,
				F86797EA223D64DF0064F145 /* LabelCell.swift in Sources */,
				F86797D3223CCFB70064F145 /* SBComment.swift in Sources */,
				F86797D8223CDF900064F145 /* Array+.swift in Sources */,
				F86797E7223D4B5E0064F145 /* PostSectionController.swift in Sources */,
				F8679803223D6C980064F145 /* DetailViewModel.swift in Sources */,
				F8679823223E7B700064F145 /* ActionCellViewModel.swift in Sources */,
				F8679816223E4ECE0064F145 /* SpinnerCell+SectionController.swift.swift in Sources */,
				F88900462238C8C00004FCDD /* SBService.swift in Sources */,
				F86797EC223D64E60064F145 /* ImageCell.swift in Sources */,
				F86797F8223D65240064F145 /* SpinnerCell.swift in Sources */,
			);
			runOnlyForDeploymentPostprocessing = 0;
		};
		F815042722366C5800C2F6DB /* Sources */ = {
			isa = PBXSourcesBuildPhase;
			buildActionMask = 2147483647;
			files = (
				F889005D223972230004FCDD /* SBServiceSpec.swift in Sources */,
				F815043022366C5800C2F6DB /* SocialBoardTests.swift in Sources */,
				F86797DB223CE37C0064F145 /* ModelsSpec.swift in Sources */,
				F86797AF223C0BB80064F145 /* SpamDetector.swift in Sources */,
			);
			runOnlyForDeploymentPostprocessing = 0;
		};
		F815043222366C5800C2F6DB /* Sources */ = {
			isa = PBXSourcesBuildPhase;
			buildActionMask = 2147483647;
			files = (
				F815043B22366C5800C2F6DB /* SocialBoardUITests.swift in Sources */,
			);
			runOnlyForDeploymentPostprocessing = 0;
		};
/* End PBXSourcesBuildPhase section */

/* Begin PBXTargetDependency section */
		F815042D22366C5800C2F6DB /* PBXTargetDependency */ = {
			isa = PBXTargetDependency;
			target = F815041622366C5500C2F6DB /* SocialBoard */;
			targetProxy = F815042C22366C5800C2F6DB /* PBXContainerItemProxy */;
		};
		F815043822366C5800C2F6DB /* PBXTargetDependency */ = {
			isa = PBXTargetDependency;
			target = F815041622366C5500C2F6DB /* SocialBoard */;
			targetProxy = F815043722366C5800C2F6DB /* PBXContainerItemProxy */;
		};
/* End PBXTargetDependency section */

/* Begin PBXVariantGroup section */
		F88900332236AE950004FCDD /* LaunchScreen.storyboard */ = {
			isa = PBXVariantGroup;
			children = (
				F88900342236AE950004FCDD /* Base */,
			);
			name = LaunchScreen.storyboard;
			sourceTree = "<group>";
		};
		F88900352236AE950004FCDD /* Main.storyboard */ = {
			isa = PBXVariantGroup;
			children = (
				F88900362236AE950004FCDD /* Base */,
			);
			name = Main.storyboard;
			sourceTree = "<group>";
		};
/* End PBXVariantGroup section */

/* Begin XCBuildConfiguration section */
		F815043D22366C5800C2F6DB /* Debug */ = {
			isa = XCBuildConfiguration;
			buildSettings = {
				ALWAYS_SEARCH_USER_PATHS = NO;
				CLANG_ANALYZER_NONNULL = YES;
				CLANG_ANALYZER_NUMBER_OBJECT_CONVERSION = YES_AGGRESSIVE;
				CLANG_CXX_LANGUAGE_STANDARD = "gnu++14";
				CLANG_CXX_LIBRARY = "libc++";
				CLANG_ENABLE_MODULES = YES;
				CLANG_ENABLE_OBJC_ARC = YES;
				CLANG_ENABLE_OBJC_WEAK = YES;
				CLANG_WARN_BLOCK_CAPTURE_AUTORELEASING = YES;
				CLANG_WARN_BOOL_CONVERSION = YES;
				CLANG_WARN_COMMA = YES;
				CLANG_WARN_CONSTANT_CONVERSION = YES;
				CLANG_WARN_DEPRECATED_OBJC_IMPLEMENTATIONS = YES;
				CLANG_WARN_DIRECT_OBJC_ISA_USAGE = YES_ERROR;
				CLANG_WARN_DOCUMENTATION_COMMENTS = YES;
				CLANG_WARN_EMPTY_BODY = YES;
				CLANG_WARN_ENUM_CONVERSION = YES;
				CLANG_WARN_INFINITE_RECURSION = YES;
				CLANG_WARN_INT_CONVERSION = YES;
				CLANG_WARN_NON_LITERAL_NULL_CONVERSION = YES;
				CLANG_WARN_OBJC_IMPLICIT_RETAIN_SELF = YES;
				CLANG_WARN_OBJC_LITERAL_CONVERSION = YES;
				CLANG_WARN_OBJC_ROOT_CLASS = YES_ERROR;
				CLANG_WARN_RANGE_LOOP_ANALYSIS = YES;
				CLANG_WARN_STRICT_PROTOTYPES = YES;
				CLANG_WARN_SUSPICIOUS_MOVE = YES;
				CLANG_WARN_UNGUARDED_AVAILABILITY = YES_AGGRESSIVE;
				CLANG_WARN_UNREACHABLE_CODE = YES;
				CLANG_WARN__DUPLICATE_METHOD_MATCH = YES;
				CODE_SIGN_IDENTITY = "iPhone Developer";
				COPY_PHASE_STRIP = NO;
				DEBUG_INFORMATION_FORMAT = dwarf;
				ENABLE_STRICT_OBJC_MSGSEND = YES;
				ENABLE_TESTABILITY = YES;
				GCC_C_LANGUAGE_STANDARD = gnu11;
				GCC_DYNAMIC_NO_PIC = NO;
				GCC_NO_COMMON_BLOCKS = YES;
				GCC_OPTIMIZATION_LEVEL = 0;
				GCC_PREPROCESSOR_DEFINITIONS = (
					"DEBUG=1",
					"$(inherited)",
				);
				GCC_WARN_64_TO_32_BIT_CONVERSION = YES;
				GCC_WARN_ABOUT_RETURN_TYPE = YES_ERROR;
				GCC_WARN_UNDECLARED_SELECTOR = YES;
				GCC_WARN_UNINITIALIZED_AUTOS = YES_AGGRESSIVE;
				GCC_WARN_UNUSED_FUNCTION = YES;
				GCC_WARN_UNUSED_VARIABLE = YES;
				IPHONEOS_DEPLOYMENT_TARGET = 12.1;
				MTL_ENABLE_DEBUG_INFO = INCLUDE_SOURCE;
				MTL_FAST_MATH = YES;
				ONLY_ACTIVE_ARCH = YES;
				SDKROOT = iphoneos;
				SWIFT_ACTIVE_COMPILATION_CONDITIONS = DEBUG;
				SWIFT_OPTIMIZATION_LEVEL = "-Onone";
			};
			name = Debug;
		};
		F815043E22366C5800C2F6DB /* Release */ = {
			isa = XCBuildConfiguration;
			buildSettings = {
				ALWAYS_SEARCH_USER_PATHS = NO;
				CLANG_ANALYZER_NONNULL = YES;
				CLANG_ANALYZER_NUMBER_OBJECT_CONVERSION = YES_AGGRESSIVE;
				CLANG_CXX_LANGUAGE_STANDARD = "gnu++14";
				CLANG_CXX_LIBRARY = "libc++";
				CLANG_ENABLE_MODULES = YES;
				CLANG_ENABLE_OBJC_ARC = YES;
				CLANG_ENABLE_OBJC_WEAK = YES;
				CLANG_WARN_BLOCK_CAPTURE_AUTORELEASING = YES;
				CLANG_WARN_BOOL_CONVERSION = YES;
				CLANG_WARN_COMMA = YES;
				CLANG_WARN_CONSTANT_CONVERSION = YES;
				CLANG_WARN_DEPRECATED_OBJC_IMPLEMENTATIONS = YES;
				CLANG_WARN_DIRECT_OBJC_ISA_USAGE = YES_ERROR;
				CLANG_WARN_DOCUMENTATION_COMMENTS = YES;
				CLANG_WARN_EMPTY_BODY = YES;
				CLANG_WARN_ENUM_CONVERSION = YES;
				CLANG_WARN_INFINITE_RECURSION = YES;
				CLANG_WARN_INT_CONVERSION = YES;
				CLANG_WARN_NON_LITERAL_NULL_CONVERSION = YES;
				CLANG_WARN_OBJC_IMPLICIT_RETAIN_SELF = YES;
				CLANG_WARN_OBJC_LITERAL_CONVERSION = YES;
				CLANG_WARN_OBJC_ROOT_CLASS = YES_ERROR;
				CLANG_WARN_RANGE_LOOP_ANALYSIS = YES;
				CLANG_WARN_STRICT_PROTOTYPES = YES;
				CLANG_WARN_SUSPICIOUS_MOVE = YES;
				CLANG_WARN_UNGUARDED_AVAILABILITY = YES_AGGRESSIVE;
				CLANG_WARN_UNREACHABLE_CODE = YES;
				CLANG_WARN__DUPLICATE_METHOD_MATCH = YES;
				CODE_SIGN_IDENTITY = "iPhone Developer";
				COPY_PHASE_STRIP = NO;
				DEBUG_INFORMATION_FORMAT = "dwarf-with-dsym";
				ENABLE_NS_ASSERTIONS = NO;
				ENABLE_STRICT_OBJC_MSGSEND = YES;
				GCC_C_LANGUAGE_STANDARD = gnu11;
				GCC_NO_COMMON_BLOCKS = YES;
				GCC_WARN_64_TO_32_BIT_CONVERSION = YES;
				GCC_WARN_ABOUT_RETURN_TYPE = YES_ERROR;
				GCC_WARN_UNDECLARED_SELECTOR = YES;
				GCC_WARN_UNINITIALIZED_AUTOS = YES_AGGRESSIVE;
				GCC_WARN_UNUSED_FUNCTION = YES;
				GCC_WARN_UNUSED_VARIABLE = YES;
				IPHONEOS_DEPLOYMENT_TARGET = 12.1;
				MTL_ENABLE_DEBUG_INFO = NO;
				MTL_FAST_MATH = YES;
				SDKROOT = iphoneos;
				SWIFT_COMPILATION_MODE = wholemodule;
				SWIFT_OPTIMIZATION_LEVEL = "-O";
				VALIDATE_PRODUCT = YES;
			};
			name = Release;
		};
		F815044022366C5800C2F6DB /* Debug */ = {
			isa = XCBuildConfiguration;
			baseConfigurationReference = 72E6608C6E7AF7620815A387 /* Pods-SocialBoard.debug.xcconfig */;
			buildSettings = {
				ALWAYS_EMBED_SWIFT_STANDARD_LIBRARIES = "$(inherited)";
				ASSETCATALOG_COMPILER_APPICON_NAME = AppIcon;
				CLANG_ENABLE_MODULES = YES;
				CODE_SIGN_STYLE = Manual;
				DEVELOPMENT_TEAM = G56BR3YSNS;
				INFOPLIST_FILE = SocialBoard/Info.plist;
				LD_RUNPATH_SEARCH_PATHS = (
					"$(inherited)",
					"@executable_path/Frameworks",
				);
				PRODUCT_BUNDLE_IDENTIFIER = com.test.socialboard;
				PRODUCT_NAME = "$(TARGET_NAME)";
				PROVISIONING_PROFILE_SPECIFIER = "Wildcard App Development Profile";
				SWIFT_OBJC_BRIDGING_HEADER = "SocialBoard/Reusables/Views/SocialBoard-Bridging-Header.h";
				SWIFT_OPTIMIZATION_LEVEL = "-Onone";
				SWIFT_VERSION = 4.2;
				TARGETED_DEVICE_FAMILY = "1,2";
			};
			name = Debug;
		};
		F815044122366C5800C2F6DB /* Release */ = {
			isa = XCBuildConfiguration;
			baseConfigurationReference = A9B1AAFA484AF79892644ED7 /* Pods-SocialBoard.release.xcconfig */;
			buildSettings = {
				ALWAYS_EMBED_SWIFT_STANDARD_LIBRARIES = "$(inherited)";
				ASSETCATALOG_COMPILER_APPICON_NAME = AppIcon;
				CLANG_ENABLE_MODULES = YES;
				CODE_SIGN_STYLE = Manual;
				DEVELOPMENT_TEAM = "";
				INFOPLIST_FILE = SocialBoard/Info.plist;
				LD_RUNPATH_SEARCH_PATHS = (
					"$(inherited)",
					"@executable_path/Frameworks",
				);
				PRODUCT_BUNDLE_IDENTIFIER = com.test.socialboard;
				PRODUCT_NAME = "$(TARGET_NAME)";
				PROVISIONING_PROFILE_SPECIFIER = "";
				SWIFT_OBJC_BRIDGING_HEADER = "SocialBoard/Reusables/Views/SocialBoard-Bridging-Header.h";
				SWIFT_VERSION = 4.2;
				TARGETED_DEVICE_FAMILY = "1,2";
			};
			name = Release;
		};
		F815044322366C5800C2F6DB /* Debug */ = {
			isa = XCBuildConfiguration;
			baseConfigurationReference = 59C72F8FAD5791548F6C02FF /* Pods-SocialBoardTests.debug.xcconfig */;
			buildSettings = {
				ALWAYS_EMBED_SWIFT_STANDARD_LIBRARIES = "$(inherited)";
				BUNDLE_LOADER = "$(TEST_HOST)";
				CODE_SIGN_STYLE = Manual;
				DEVELOPMENT_TEAM = 87CS7NBF52;
				INFOPLIST_FILE = SocialBoardTests/Info.plist;
				LD_RUNPATH_SEARCH_PATHS = (
					"$(inherited)",
					"@executable_path/Frameworks",
					"@loader_path/Frameworks",
				);
				PRODUCT_BUNDLE_IDENTIFIER = com.life.socialboard.SocialBoardTests;
				PRODUCT_NAME = "$(TARGET_NAME)";
				PROVISIONING_PROFILE_SPECIFIER = "";
				SWIFT_VERSION = 4.2;
				TARGETED_DEVICE_FAMILY = "1,2";
				TEST_HOST = "$(BUILT_PRODUCTS_DIR)/SocialBoard.app/SocialBoard";
			};
			name = Debug;
		};
		F815044422366C5800C2F6DB /* Release */ = {
			isa = XCBuildConfiguration;
			baseConfigurationReference = 63BFFD4B87E40B94322E914C /* Pods-SocialBoardTests.release.xcconfig */;
			buildSettings = {
				ALWAYS_EMBED_SWIFT_STANDARD_LIBRARIES = "$(inherited)";
				BUNDLE_LOADER = "$(TEST_HOST)";
				CODE_SIGN_STYLE = Manual;
				DEVELOPMENT_TEAM = 87CS7NBF52;
				INFOPLIST_FILE = SocialBoardTests/Info.plist;
				LD_RUNPATH_SEARCH_PATHS = (
					"$(inherited)",
					"@executable_path/Frameworks",
					"@loader_path/Frameworks",
				);
				PRODUCT_BUNDLE_IDENTIFIER = com.life.socialboard.SocialBoardTests;
				PRODUCT_NAME = "$(TARGET_NAME)";
				PROVISIONING_PROFILE_SPECIFIER = "";
				SWIFT_VERSION = 4.2;
				TARGETED_DEVICE_FAMILY = "1,2";
				TEST_HOST = "$(BUILT_PRODUCTS_DIR)/SocialBoard.app/SocialBoard";
			};
			name = Release;
		};
		F815044622366C5800C2F6DB /* Debug */ = {
			isa = XCBuildConfiguration;
			baseConfigurationReference = D1ABE09EEF85D88190860C60 /* Pods-SocialBoardUITests.debug.xcconfig */;
			buildSettings = {
				ALWAYS_EMBED_SWIFT_STANDARD_LIBRARIES = "$(inherited)";
				CODE_SIGN_STYLE = Automatic;
				DEVELOPMENT_TEAM = 87CS7NBF52;
				INFOPLIST_FILE = SocialBoardUITests/Info.plist;
				LD_RUNPATH_SEARCH_PATHS = (
					"$(inherited)",
					"@executable_path/Frameworks",
					"@loader_path/Frameworks",
				);
				PRODUCT_BUNDLE_IDENTIFIER = com.life.socialboard.SocialBoardUITests;
				PRODUCT_NAME = "$(TARGET_NAME)";
				SWIFT_VERSION = 4.2;
				TARGETED_DEVICE_FAMILY = "1,2";
				TEST_TARGET_NAME = SocialBoard;
			};
			name = Debug;
		};
		F815044722366C5800C2F6DB /* Release */ = {
			isa = XCBuildConfiguration;
			baseConfigurationReference = EC98CAC98598B64A07B09C50 /* Pods-SocialBoardUITests.release.xcconfig */;
			buildSettings = {
				ALWAYS_EMBED_SWIFT_STANDARD_LIBRARIES = "$(inherited)";
				CODE_SIGN_STYLE = Automatic;
				DEVELOPMENT_TEAM = 87CS7NBF52;
				INFOPLIST_FILE = SocialBoardUITests/Info.plist;
				LD_RUNPATH_SEARCH_PATHS = (
					"$(inherited)",
					"@executable_path/Frameworks",
					"@loader_path/Frameworks",
				);
				PRODUCT_BUNDLE_IDENTIFIER = com.life.socialboard.SocialBoardUITests;
				PRODUCT_NAME = "$(TARGET_NAME)";
				SWIFT_VERSION = 4.2;
				TARGETED_DEVICE_FAMILY = "1,2";
				TEST_TARGET_NAME = SocialBoard;
			};
			name = Release;
		};
/* End XCBuildConfiguration section */

/* Begin XCConfigurationList section */
		F815041222366C5500C2F6DB /* Build configuration list for PBXProject "SocialBoard" */ = {
			isa = XCConfigurationList;
			buildConfigurations = (
				F815043D22366C5800C2F6DB /* Debug */,
				F815043E22366C5800C2F6DB /* Release */,
			);
			defaultConfigurationIsVisible = 0;
			defaultConfigurationName = Release;
		};
		F815043F22366C5800C2F6DB /* Build configuration list for PBXNativeTarget "SocialBoard" */ = {
			isa = XCConfigurationList;
			buildConfigurations = (
				F815044022366C5800C2F6DB /* Debug */,
				F815044122366C5800C2F6DB /* Release */,
			);
			defaultConfigurationIsVisible = 0;
			defaultConfigurationName = Release;
		};
		F815044222366C5800C2F6DB /* Build configuration list for PBXNativeTarget "SocialBoardTests" */ = {
			isa = XCConfigurationList;
			buildConfigurations = (
				F815044322366C5800C2F6DB /* Debug */,
				F815044422366C5800C2F6DB /* Release */,
			);
			defaultConfigurationIsVisible = 0;
			defaultConfigurationName = Release;
		};
		F815044522366C5800C2F6DB /* Build configuration list for PBXNativeTarget "SocialBoardUITests" */ = {
			isa = XCConfigurationList;
			buildConfigurations = (
				F815044622366C5800C2F6DB /* Debug */,
				F815044722366C5800C2F6DB /* Release */,
			);
			defaultConfigurationIsVisible = 0;
			defaultConfigurationName = Release;
		};
/* End XCConfigurationList section */
	};
	rootObject = F815040F22366C5500C2F6DB /* Project object */;
}
